
Microsoft Visual Studio Solution File, Format Version 12.00
# Visual Studio Version 17
VisualStudioVersion = 17.5.33516.290
MinimumVisualStudioVersion = 10.0.40219.1
Project("{FAE04EC0-301F-11D3-BF4B-00C04F79EFBC}") = "Homework8", "Homework8\Homework8.csproj", "{B27506D8-88FA-4D33-9233-4A61727F04DC}"
EndProject
Global
	GlobalSection(SolutionConfigurationPlatforms) = preSolution
		Debug|Any CPU = Debug|Any CPU
		Release|Any CPU = Release|Any CPU
	EndGlobalSection
	GlobalSection(ProjectConfigurationPlatforms) = postSolution
		{B27506D8-88FA-4D33-9233-4A61727F04DC}.Debug|Any CPU.ActiveCfg = Debug|Any CPU
		{B27506D8-88FA-4D33-9233-4A61727F04DC}.Debug|Any CPU.Build.0 = Debug|Any CPU
		{B27506D8-88FA-4D33-9233-4A61727F04DC}.Release|Any CPU.ActiveCfg = Release|Any CPU
		{B27506D8-88FA-4D33-9233-4A61727F04DC}.Release|Any CPU.Build.0 = Release|Any CPU
	EndGlobalSection
	GlobalSection(SolutionProperties) = preSolution
		HideSolutionNode = FALSE
	EndGlobalSection
	GlobalSection(ExtensibilityGlobals) = postSolution
		SolutionGuid = {E5AB72A0-1690-49C2-83C7-54B92CCF7188}
	EndGlobalSection
EndGlobal
